# This file is autogenerated, do not edit; changes may be undone by the next 'dep ensure'.


[[projects]]
  branch = "master"
  name = "github.com/bitrise-io/go-utils"
  packages = [
    "colorstring",
    "command",
    "errorutil",
    "log",
    "parseutil",
    "pathutil",
    "pointers"
  ]
  revision = "d1de0dbcb811588e61362aff67bb700b93c13c17"

[[projects]]
  branch = "master"
  name = "github.com/bitrise-tools/go-steputils"
  packages = ["stepconf"]
  revision = "d4d9e08cc4347e8784bb18419fcdceb932e17019"

[[projects]]
  branch = "master"
  name = "github.com/hashicorp/go-version"
  packages = ["."]
  revision = "270f2f71b1ee587f3b609f00f422b76a6b28f348"

[solve-meta]
  analyzer-name = "dep"
  analyzer-version = 1
  inputs-digest = "b58ceed4974fde28fba5e3d4f7a46b0b6979a0a2245822f2ac96a866e1feb3b2"
  solver-name = "gps-cdcl"
  solver-version = 1
