# This file is autogenerated, do not edit; changes may be undone by the next 'dep ensure'.


[[projects]]
  branch = "master"
  digest = "1:0c8282cb84562f0119ecabf1841a5a63c4ee815178bc2f1ae678e49b27551a25"
  name = "github.com/bitrise-io/go-utils"
  packages = [
    "colorstring",
    "command",
    "errorutil",
    "log",
    "parseutil",
    "pathutil",
    "pointers",
  ]
  pruneopts = "UT"
  revision = "948e80486906fb74dfa6012c80cbda6a6dac151a"

[[projects]]
  branch = "master"
  digest = "1:65497df2301289c26765c4cf8fcd4709de190dd620ea822ae2dc67edfc598307"
  name = "github.com/bitrise-tools/go-steputils"
  packages = ["stepconf"]
  pruneopts = "UT"
  revision = "3c98d95a94d51624a26e99419d0fc03d2aab0055"

[solve-meta]
  analyzer-name = "dep"
  analyzer-version = 1
  input-imports = [
    "github.com/bitrise-io/go-utils/command",
    "github.com/bitrise-io/go-utils/log",
    "github.com/bitrise-tools/go-steputils/stepconf",
  ]
  solver-name = "gps-cdcl"
  solver-version = 1
