# This file is autogenerated, do not edit; changes may be undone by the next 'dep ensure'.


[[projects]]
  branch = "master"
  name = "github.com/bitrise-io/go-utils"
  packages = [
    "colorstring",
    "command",
    "errorutil",
    "log",
    "parseutil",
    "pathutil",
    "pointers"
  ]
  revision = "d1de0dbcb811588e61362aff67bb700b93c13c17"

[[projects]]
  branch = "master"
  name = "github.com/bitrise-tools/go-steputils"
  packages = [
    "stepconf",
    "tools"
  ]
  revision = "d4d9e08cc4347e8784bb18419fcdceb932e17019"

[solve-meta]
  analyzer-name = "dep"
  analyzer-version = 1
  inputs-digest = "863d6ff5cf2bc91a82ac20d102a882006ed9629cbb683138990bd8a1ae4d10dc"
  solver-name = "gps-cdcl"
  solver-version = 1
