# This file is autogenerated, do not edit; changes may be undone by the next 'dep ensure'.


[[projects]]
  branch = "master"
  name = "github.com/bitrise-io/go-utils"
  packages = [
    "colorstring",
    "log",
    "parseutil",
    "pathutil",
    "pointers"
  ]
  revision = "d1de0dbcb811588e61362aff67bb700b93c13c17"

[[projects]]
  branch = "master"
  name = "github.com/bitrise-tools/go-steputils"
  packages = ["stepconf"]
  revision = "d4d9e08cc4347e8784bb18419fcdceb932e17019"

[[projects]]
  name = "github.com/hashicorp/go-version"
  packages = ["."]
  revision = "b5a281d3160aa11950a6182bd9a9dc2cb1e02d50"
  version = "v1.0.0"

[[projects]]
  name = "gopkg.in/yaml.v2"
  packages = ["."]
  revision = "5420a8b6744d3b0345ab293f6fcba19c978f1183"
  version = "v2.2.1"

[solve-meta]
  analyzer-name = "dep"
  analyzer-version = 1
  inputs-digest = "debb664a1f7ca7a729ecaf9a044f68fb801568d2b09f78af90bb8385f282bab3"
  solver-name = "gps-cdcl"
  solver-version = 1
